// !$*UTF8*$!
{
	archiveVersion = 1;
	classes = {
	};
	objectVersion = 55;
	objects = {

/* Begin PBXBuildFile section */
		1306ED08280520C0000668E1 /* Planner+CoreDataProperties.swift in Sources */ = {isa = PBXBuildFile; fileRef = 1306ED06280520C0000668E1 /* Planner+CoreDataProperties.swift */; };
		1306ED09280520C0000668E1 /* Task+CoreDataProperties.swift in Sources */ = {isa = PBXBuildFile; fileRef = 1306ED07280520C0000668E1 /* Task+CoreDataProperties.swift */; };
		1306ED0B280521A8000668E1 /* Planner+CoreDataClass.swift in Sources */ = {isa = PBXBuildFile; fileRef = 1306ED0A280521A8000668E1 /* Planner+CoreDataClass.swift */; };
		1306ED0D280521D9000668E1 /* Task+CoreDataClass.swift in Sources */ = {isa = PBXBuildFile; fileRef = 1306ED0C280521D8000668E1 /* Task+CoreDataClass.swift */; };
		1330EB1227FFD8F3004B690A /* AppDelegate.swift in Sources */ = {isa = PBXBuildFile; fileRef = 1330EB1127FFD8F3004B690A /* AppDelegate.swift */; };
		1330EB1427FFD8F3004B690A /* SceneDelegate.swift in Sources */ = {isa = PBXBuildFile; fileRef = 1330EB1327FFD8F3004B690A /* SceneDelegate.swift */; };
		1330EB1627FFD8F3004B690A /* HomeViewController.swift in Sources */ = {isa = PBXBuildFile; fileRef = 1330EB1527FFD8F3004B690A /* HomeViewController.swift */; };
		1330EB1927FFD8F3004B690A /* Main.storyboard in Resources */ = {isa = PBXBuildFile; fileRef = 1330EB1727FFD8F3004B690A /* Main.storyboard */; };
		1330EB1B27FFD8F3004B690A /* Assets.xcassets in Resources */ = {isa = PBXBuildFile; fileRef = 1330EB1A27FFD8F3004B690A /* Assets.xcassets */; };
		1330EB1E27FFD8F3004B690A /* LaunchScreen.storyboard in Resources */ = {isa = PBXBuildFile; fileRef = 1330EB1C27FFD8F3004B690A /* LaunchScreen.storyboard */; };
		1330EB2927FFD8F3004B690A /* PlannerIOSTests.swift in Sources */ = {isa = PBXBuildFile; fileRef = 1330EB2827FFD8F3004B690A /* PlannerIOSTests.swift */; };
		1330EB3327FFD8F3004B690A /* PlannerIOSUITests.swift in Sources */ = {isa = PBXBuildFile; fileRef = 1330EB3227FFD8F3004B690A /* PlannerIOSUITests.swift */; };
		1330EB3527FFD8F3004B690A /* PlannerIOSUITestsLaunchTests.swift in Sources */ = {isa = PBXBuildFile; fileRef = 1330EB3427FFD8F3004B690A /* PlannerIOSUITestsLaunchTests.swift */; };
		133315C128049BC900D095D1 /* Model.xcdatamodeld in Sources */ = {isa = PBXBuildFile; fileRef = 133315BF28049BC900D095D1 /* Model.xcdatamodeld */; };
		1370F0042803B79C00BAEAB1 /* FinishedViewController.swift in Sources */ = {isa = PBXBuildFile; fileRef = 1370F0032803B79C00BAEAB1 /* FinishedViewController.swift */; };
		1370F0062803C77000BAEAB1 /* CellViewController.swift in Sources */ = {isa = PBXBuildFile; fileRef = 1370F0052803C77000BAEAB1 /* CellViewController.swift */; };
		13B3C5712812A61F00ACE6C4 /* ViewControllerFunctions.swift in Sources */ = {isa = PBXBuildFile; fileRef = 13B3C5702812A61F00ACE6C4 /* ViewControllerFunctions.swift */; };
		13F9C20E2802868100BB3B40 /* PlannerViewController.swift in Sources */ = {isa = PBXBuildFile; fileRef = 13F9C20D2802868100BB3B40 /* PlannerViewController.swift */; };
		13F9C211280286A400BB3B40 /* AnalyticsViewController.swift in Sources */ = {isa = PBXBuildFile; fileRef = 13F9C210280286A400BB3B40 /* AnalyticsViewController.swift */; };
		13F9C21C2802930E00BB3B40 /* CustomTableViewCell.swift in Sources */ = {isa = PBXBuildFile; fileRef = 13F9C21A2802930E00BB3B40 /* CustomTableViewCell.swift */; };
		13F9C21D2802930E00BB3B40 /* CustomTableViewCell.xib in Resources */ = {isa = PBXBuildFile; fileRef = 13F9C21B2802930E00BB3B40 /* CustomTableViewCell.xib */; };
		13F9C2202802B3C400BB3B40 /* TaskViewController.swift in Sources */ = {isa = PBXBuildFile; fileRef = 13F9C21F2802B3C400BB3B40 /* TaskViewController.swift */; };
/* End PBXBuildFile section */

/* Begin PBXContainerItemProxy section */
		1330EB2527FFD8F3004B690A /* PBXContainerItemProxy */ = {
			isa = PBXContainerItemProxy;
			containerPortal = 1330EB0627FFD8F2004B690A /* Project object */;
			proxyType = 1;
			remoteGlobalIDString = 1330EB0D27FFD8F2004B690A;
			remoteInfo = PlannerIOS;
		};
		1330EB2F27FFD8F3004B690A /* PBXContainerItemProxy */ = {
			isa = PBXContainerItemProxy;
			containerPortal = 1330EB0627FFD8F2004B690A /* Project object */;
			proxyType = 1;
			remoteGlobalIDString = 1330EB0D27FFD8F2004B690A;
			remoteInfo = PlannerIOS;
		};
/* End PBXContainerItemProxy section */

/* Begin PBXFileReference section */
		1306ED06280520C0000668E1 /* Planner+CoreDataProperties.swift */ = {isa = PBXFileReference; lastKnownFileType = sourcecode.swift; name = "Planner+CoreDataProperties.swift"; path = "../../Planner+CoreDataProperties.swift"; sourceTree = "<group>"; };
		1306ED07280520C0000668E1 /* Task+CoreDataProperties.swift */ = {isa = PBXFileReference; lastKnownFileType = sourcecode.swift; name = "Task+CoreDataProperties.swift"; path = "../../Task+CoreDataProperties.swift"; sourceTree = "<group>"; };
		1306ED0A280521A8000668E1 /* Planner+CoreDataClass.swift */ = {isa = PBXFileReference; lastKnownFileType = sourcecode.swift; path = "Planner+CoreDataClass.swift"; sourceTree = "<group>"; };
		1306ED0C280521D8000668E1 /* Task+CoreDataClass.swift */ = {isa = PBXFileReference; lastKnownFileType = sourcecode.swift; path = "Task+CoreDataClass.swift"; sourceTree = "<group>"; };
		1330EB0E27FFD8F3004B690A /* PlannerIOS.app */ = {isa = PBXFileReference; explicitFileType = wrapper.application; includeInIndex = 0; path = PlannerIOS.app; sourceTree = BUILT_PRODUCTS_DIR; };
		1330EB1127FFD8F3004B690A /* AppDelegate.swift */ = {isa = PBXFileReference; lastKnownFileType = sourcecode.swift; path = AppDelegate.swift; sourceTree = "<group>"; };
		1330EB1327FFD8F3004B690A /* SceneDelegate.swift */ = {isa = PBXFileReference; lastKnownFileType = sourcecode.swift; path = SceneDelegate.swift; sourceTree = "<group>"; };
		1330EB1527FFD8F3004B690A /* HomeViewController.swift */ = {isa = PBXFileReference; lastKnownFileType = sourcecode.swift; path = HomeViewController.swift; sourceTree = "<group>"; };
		1330EB1827FFD8F3004B690A /* Base */ = {isa = PBXFileReference; lastKnownFileType = file.storyboard; name = Base; path = Base.lproj/Main.storyboard; sourceTree = "<group>"; };
		1330EB1A27FFD8F3004B690A /* Assets.xcassets */ = {isa = PBXFileReference; lastKnownFileType = folder.assetcatalog; path = Assets.xcassets; sourceTree = "<group>"; };
		1330EB1D27FFD8F3004B690A /* Base */ = {isa = PBXFileReference; lastKnownFileType = file.storyboard; name = Base; path = Base.lproj/LaunchScreen.storyboard; sourceTree = "<group>"; };
		1330EB1F27FFD8F3004B690A /* Info.plist */ = {isa = PBXFileReference; lastKnownFileType = text.plist.xml; path = Info.plist; sourceTree = "<group>"; };
		1330EB2427FFD8F3004B690A /* PlannerIOSTests.xctest */ = {isa = PBXFileReference; explicitFileType = wrapper.cfbundle; includeInIndex = 0; path = PlannerIOSTests.xctest; sourceTree = BUILT_PRODUCTS_DIR; };
		1330EB2827FFD8F3004B690A /* PlannerIOSTests.swift */ = {isa = PBXFileReference; lastKnownFileType = sourcecode.swift; path = PlannerIOSTests.swift; sourceTree = "<group>"; };
		1330EB2E27FFD8F3004B690A /* PlannerIOSUITests.xctest */ = {isa = PBXFileReference; explicitFileType = wrapper.cfbundle; includeInIndex = 0; path = PlannerIOSUITests.xctest; sourceTree = BUILT_PRODUCTS_DIR; };
		1330EB3227FFD8F3004B690A /* PlannerIOSUITests.swift */ = {isa = PBXFileReference; lastKnownFileType = sourcecode.swift; path = PlannerIOSUITests.swift; sourceTree = "<group>"; };
		1330EB3427FFD8F3004B690A /* PlannerIOSUITestsLaunchTests.swift */ = {isa = PBXFileReference; lastKnownFileType = sourcecode.swift; path = PlannerIOSUITestsLaunchTests.swift; sourceTree = "<group>"; };
		133315C028049BC900D095D1 /* Model.xcdatamodel */ = {isa = PBXFileReference; lastKnownFileType = wrapper.xcdatamodel; path = Model.xcdatamodel; sourceTree = "<group>"; };
		1370F0032803B79C00BAEAB1 /* FinishedViewController.swift */ = {isa = PBXFileReference; lastKnownFileType = sourcecode.swift; path = FinishedViewController.swift; sourceTree = "<group>"; };
		1370F0052803C77000BAEAB1 /* CellViewController.swift */ = {isa = PBXFileReference; lastKnownFileType = sourcecode.swift; path = CellViewController.swift; sourceTree = "<group>"; };
		13B3C5702812A61F00ACE6C4 /* ViewControllerFunctions.swift */ = {isa = PBXFileReference; lastKnownFileType = sourcecode.swift; path = ViewControllerFunctions.swift; sourceTree = "<group>"; };
		13F9C20D2802868100BB3B40 /* PlannerViewController.swift */ = {isa = PBXFileReference; lastKnownFileType = sourcecode.swift; path = PlannerViewController.swift; sourceTree = "<group>"; };
		13F9C210280286A400BB3B40 /* AnalyticsViewController.swift */ = {isa = PBXFileReference; lastKnownFileType = sourcecode.swift; path = AnalyticsViewController.swift; sourceTree = "<group>"; };
		13F9C21A2802930E00BB3B40 /* CustomTableViewCell.swift */ = {isa = PBXFileReference; lastKnownFileType = sourcecode.swift; path = CustomTableViewCell.swift; sourceTree = "<group>"; };
		13F9C21B2802930E00BB3B40 /* CustomTableViewCell.xib */ = {isa = PBXFileReference; lastKnownFileType = file.xib; path = CustomTableViewCell.xib; sourceTree = "<group>"; };
		13F9C21F2802B3C400BB3B40 /* TaskViewController.swift */ = {isa = PBXFileReference; lastKnownFileType = sourcecode.swift; path = TaskViewController.swift; sourceTree = "<group>"; };
/* End PBXFileReference section */

/* Begin PBXFrameworksBuildPhase section */
		1330EB0B27FFD8F2004B690A /* Frameworks */ = {
			isa = PBXFrameworksBuildPhase;
			buildActionMask = 2147483647;
			files = (
			);
			runOnlyForDeploymentPostprocessing = 0;
		};
		1330EB2127FFD8F3004B690A /* Frameworks */ = {
			isa = PBXFrameworksBuildPhase;
			buildActionMask = 2147483647;
			files = (
			);
			runOnlyForDeploymentPostprocessing = 0;
		};
		1330EB2B27FFD8F3004B690A /* Frameworks */ = {
			isa = PBXFrameworksBuildPhase;
			buildActionMask = 2147483647;
			files = (
			);
			runOnlyForDeploymentPostprocessing = 0;
		};
/* End PBXFrameworksBuildPhase section */

/* Begin PBXGroup section */
		1330EB0527FFD8F2004B690A = {
			isa = PBXGroup;
			children = (
				1330EB1027FFD8F3004B690A /* PlannerIOS */,
				1330EB2727FFD8F3004B690A /* PlannerIOSTests */,
				1330EB3127FFD8F3004B690A /* PlannerIOSUITests */,
				1330EB0F27FFD8F3004B690A /* Products */,
			);
			sourceTree = "<group>";
		};
		1330EB0F27FFD8F3004B690A /* Products */ = {
			isa = PBXGroup;
			children = (
				1330EB0E27FFD8F3004B690A /* PlannerIOS.app */,
				1330EB2427FFD8F3004B690A /* PlannerIOSTests.xctest */,
				1330EB2E27FFD8F3004B690A /* PlannerIOSUITests.xctest */,
			);
			name = Products;
			sourceTree = "<group>";
		};
		1330EB1027FFD8F3004B690A /* PlannerIOS */ = {
			isa = PBXGroup;
			children = (
				13F9C212280286C000BB3B40 /* Delegates */,
				13F9C20F2802869200BB3B40 /* ViewControllers */,
				13F9C21328028B2500BB3B40 /* Helpers */,
				133315CB2804C35700D095D1 /* Models */,
				1330EB1727FFD8F3004B690A /* Main.storyboard */,
				1330EB1A27FFD8F3004B690A /* Assets.xcassets */,
				1330EB1C27FFD8F3004B690A /* LaunchScreen.storyboard */,
				1330EB1F27FFD8F3004B690A /* Info.plist */,
				133315BF28049BC900D095D1 /* Model.xcdatamodeld */,
			);
			path = PlannerIOS;
			sourceTree = "<group>";
		};
		1330EB2727FFD8F3004B690A /* PlannerIOSTests */ = {
			isa = PBXGroup;
			children = (
				1330EB2827FFD8F3004B690A /* PlannerIOSTests.swift */,
			);
			path = PlannerIOSTests;
			sourceTree = "<group>";
		};
		1330EB3127FFD8F3004B690A /* PlannerIOSUITests */ = {
			isa = PBXGroup;
			children = (
				1330EB3227FFD8F3004B690A /* PlannerIOSUITests.swift */,
				1330EB3427FFD8F3004B690A /* PlannerIOSUITestsLaunchTests.swift */,
			);
			path = PlannerIOSUITests;
			sourceTree = "<group>";
		};
		133315CB2804C35700D095D1 /* Models */ = {
			isa = PBXGroup;
			children = (
				1306ED06280520C0000668E1 /* Planner+CoreDataProperties.swift */,
				1306ED0A280521A8000668E1 /* Planner+CoreDataClass.swift */,
				1306ED07280520C0000668E1 /* Task+CoreDataProperties.swift */,
				1306ED0C280521D8000668E1 /* Task+CoreDataClass.swift */,
			);
			path = Models;
			sourceTree = "<group>";
		};
		13F9C20F2802869200BB3B40 /* ViewControllers */ = {
			isa = PBXGroup;
			children = (
				13B3C5702812A61F00ACE6C4 /* ViewControllerFunctions.swift */,
				1330EB1527FFD8F3004B690A /* HomeViewController.swift */,
				13F9C20D2802868100BB3B40 /* PlannerViewController.swift */,
				13F9C210280286A400BB3B40 /* AnalyticsViewController.swift */,
				13F9C21E2802B39C00BB3B40 /* PopUps */,
			);
			path = ViewControllers;
			sourceTree = "<group>";
		};
		13F9C212280286C000BB3B40 /* Delegates */ = {
			isa = PBXGroup;
			children = (
				1330EB1127FFD8F3004B690A /* AppDelegate.swift */,
				1330EB1327FFD8F3004B690A /* SceneDelegate.swift */,
			);
			path = Delegates;
			sourceTree = "<group>";
		};
		13F9C21328028B2500BB3B40 /* Helpers */ = {
			isa = PBXGroup;
			children = (
				13F9C21A2802930E00BB3B40 /* CustomTableViewCell.swift */,
				13F9C21B2802930E00BB3B40 /* CustomTableViewCell.xib */,
			);
			path = Helpers;
			sourceTree = "<group>";
		};
		13F9C21E2802B39C00BB3B40 /* PopUps */ = {
			isa = PBXGroup;
			children = (
				13F9C21F2802B3C400BB3B40 /* TaskViewController.swift */,
				1370F0032803B79C00BAEAB1 /* FinishedViewController.swift */,
				1370F0052803C77000BAEAB1 /* CellViewController.swift */,
			);
			path = PopUps;
			sourceTree = "<group>";
		};
/* End PBXGroup section */

/* Begin PBXNativeTarget section */
		1330EB0D27FFD8F2004B690A /* PlannerIOS */ = {
			isa = PBXNativeTarget;
			buildConfigurationList = 1330EB3827FFD8F3004B690A /* Build configuration list for PBXNativeTarget "PlannerIOS" */;
			buildPhases = (
				1330EB0A27FFD8F2004B690A /* Sources */,
				1330EB0B27FFD8F2004B690A /* Frameworks */,
				1330EB0C27FFD8F2004B690A /* Resources */,
			);
			buildRules = (
			);
			dependencies = (
			);
			name = PlannerIOS;
			productName = PlannerIOS;
			productReference = 1330EB0E27FFD8F3004B690A /* PlannerIOS.app */;
			productType = "com.apple.product-type.application";
		};
		1330EB2327FFD8F3004B690A /* PlannerIOSTests */ = {
			isa = PBXNativeTarget;
			buildConfigurationList = 1330EB3B27FFD8F3004B690A /* Build configuration list for PBXNativeTarget "PlannerIOSTests" */;
			buildPhases = (
				1330EB2027FFD8F3004B690A /* Sources */,
				1330EB2127FFD8F3004B690A /* Frameworks */,
				1330EB2227FFD8F3004B690A /* Resources */,
			);
			buildRules = (
			);
			dependencies = (
				1330EB2627FFD8F3004B690A /* PBXTargetDependency */,
			);
			name = PlannerIOSTests;
			productName = PlannerIOSTests;
			productReference = 1330EB2427FFD8F3004B690A /* PlannerIOSTests.xctest */;
			productType = "com.apple.product-type.bundle.unit-test";
		};
		1330EB2D27FFD8F3004B690A /* PlannerIOSUITests */ = {
			isa = PBXNativeTarget;
			buildConfigurationList = 1330EB3E27FFD8F3004B690A /* Build configuration list for PBXNativeTarget "PlannerIOSUITests" */;
			buildPhases = (
				1330EB2A27FFD8F3004B690A /* Sources */,
				1330EB2B27FFD8F3004B690A /* Frameworks */,
				1330EB2C27FFD8F3004B690A /* Resources */,
			);
			buildRules = (
			);
			dependencies = (
				1330EB3027FFD8F3004B690A /* PBXTargetDependency */,
			);
			name = PlannerIOSUITests;
			productName = PlannerIOSUITests;
			productReference = 1330EB2E27FFD8F3004B690A /* PlannerIOSUITests.xctest */;
			productType = "com.apple.product-type.bundle.ui-testing";
		};
/* End PBXNativeTarget section */

/* Begin PBXProject section */
		1330EB0627FFD8F2004B690A /* Project object */ = {
			isa = PBXProject;
			attributes = {
				BuildIndependentTargetsInParallel = 1;
				LastSwiftUpdateCheck = 1330;
				LastUpgradeCheck = 1330;
				TargetAttributes = {
					1330EB0D27FFD8F2004B690A = {
						CreatedOnToolsVersion = 13.3;
					};
					1330EB2327FFD8F3004B690A = {
						CreatedOnToolsVersion = 13.3;
						TestTargetID = 1330EB0D27FFD8F2004B690A;
					};
					1330EB2D27FFD8F3004B690A = {
						CreatedOnToolsVersion = 13.3;
						TestTargetID = 1330EB0D27FFD8F2004B690A;
					};
				};
			};
			buildConfigurationList = 1330EB0927FFD8F2004B690A /* Build configuration list for PBXProject "PlannerIOS" */;
			compatibilityVersion = "Xcode 13.0";
			developmentRegion = en;
			hasScannedForEncodings = 0;
			knownRegions = (
				en,
				Base,
			);
			mainGroup = 1330EB0527FFD8F2004B690A;
			productRefGroup = 1330EB0F27FFD8F3004B690A /* Products */;
			projectDirPath = "";
			projectRoot = "";
			targets = (
				1330EB0D27FFD8F2004B690A /* PlannerIOS */,
				1330EB2327FFD8F3004B690A /* PlannerIOSTests */,
				1330EB2D27FFD8F3004B690A /* PlannerIOSUITests */,
			);
		};
/* End PBXProject section */

/* Begin PBXResourcesBuildPhase section */
		1330EB0C27FFD8F2004B690A /* Resources */ = {
			isa = PBXResourcesBuildPhase;
			buildActionMask = 2147483647;
			files = (
				1330EB1E27FFD8F3004B690A /* LaunchScreen.storyboard in Resources */,
				1330EB1B27FFD8F3004B690A /* Assets.xcassets in Resources */,
				13F9C21D2802930E00BB3B40 /* CustomTableViewCell.xib in Resources */,
				1330EB1927FFD8F3004B690A /* Main.storyboard in Resources */,
			);
			runOnlyForDeploymentPostprocessing = 0;
		};
		1330EB2227FFD8F3004B690A /* Resources */ = {
			isa = PBXResourcesBuildPhase;
			buildActionMask = 2147483647;
			files = (
			);
			runOnlyForDeploymentPostprocessing = 0;
		};
		1330EB2C27FFD8F3004B690A /* Resources */ = {
			isa = PBXResourcesBuildPhase;
			buildActionMask = 2147483647;
			files = (
			);
			runOnlyForDeploymentPostprocessing = 0;
		};
/* End PBXResourcesBuildPhase section */

/* Begin PBXSourcesBuildPhase section */
		1330EB0A27FFD8F2004B690A /* Sources */ = {
			isa = PBXSourcesBuildPhase;
			buildActionMask = 2147483647;
			files = (
				1306ED08280520C0000668E1 /* Planner+CoreDataProperties.swift in Sources */,
				13B3C5712812A61F00ACE6C4 /* ViewControllerFunctions.swift in Sources */,
				1370F0042803B79C00BAEAB1 /* FinishedViewController.swift in Sources */,
				1306ED0D280521D9000668E1 /* Task+CoreDataClass.swift in Sources */,
				13F9C21C2802930E00BB3B40 /* CustomTableViewCell.swift in Sources */,
				13F9C2202802B3C400BB3B40 /* TaskViewController.swift in Sources */,
				1370F0062803C77000BAEAB1 /* CellViewController.swift in Sources */,
				1330EB1627FFD8F3004B690A /* HomeViewController.swift in Sources */,
				13F9C20E2802868100BB3B40 /* PlannerViewController.swift in Sources */,
				13F9C211280286A400BB3B40 /* AnalyticsViewController.swift in Sources */,
				133315C128049BC900D095D1 /* Model.xcdatamodeld in Sources */,
				1330EB1227FFD8F3004B690A /* AppDelegate.swift in Sources */,
				1306ED0B280521A8000668E1 /* Planner+CoreDataClass.swift in Sources */,
				1306ED09280520C0000668E1 /* Task+CoreDataProperties.swift in Sources */,
				1330EB1427FFD8F3004B690A /* SceneDelegate.swift in Sources */,
			);
			runOnlyForDeploymentPostprocessing = 0;
		};
		1330EB2027FFD8F3004B690A /* Sources */ = {
			isa = PBXSourcesBuildPhase;
			buildActionMask = 2147483647;
			files = (
				1330EB2927FFD8F3004B690A /* PlannerIOSTests.swift in Sources */,
			);
			runOnlyForDeploymentPostprocessing = 0;
		};
		1330EB2A27FFD8F3004B690A /* Sources */ = {
			isa = PBXSourcesBuildPhase;
			buildActionMask = 2147483647;
			files = (
				1330EB3327FFD8F3004B690A /* PlannerIOSUITests.swift in Sources */,
				1330EB3527FFD8F3004B690A /* PlannerIOSUITestsLaunchTests.swift in Sources */,
			);
			runOnlyForDeploymentPostprocessing = 0;
		};
/* End PBXSourcesBuildPhase section */

/* Begin PBXTargetDependency section */
		1330EB2627FFD8F3004B690A /* PBXTargetDependency */ = {
			isa = PBXTargetDependency;
			target = 1330EB0D27FFD8F2004B690A /* PlannerIOS */;
			targetProxy = 1330EB2527FFD8F3004B690A /* PBXContainerItemProxy */;
		};
		1330EB3027FFD8F3004B690A /* PBXTargetDependency */ = {
			isa = PBXTargetDependency;
			target = 1330EB0D27FFD8F2004B690A /* PlannerIOS */;
			targetProxy = 1330EB2F27FFD8F3004B690A /* PBXContainerItemProxy */;
		};
/* End PBXTargetDependency section */

/* Begin PBXVariantGroup section */
		1330EB1727FFD8F3004B690A /* Main.storyboard */ = {
			isa = PBXVariantGroup;
			children = (
				1330EB1827FFD8F3004B690A /* Base */,
			);
			name = Main.storyboard;
			sourceTree = "<group>";
		};
		1330EB1C27FFD8F3004B690A /* LaunchScreen.storyboard */ = {
			isa = PBXVariantGroup;
			children = (
				1330EB1D27FFD8F3004B690A /* Base */,
			);
			name = LaunchScreen.storyboard;
			sourceTree = "<group>";
		};
/* End PBXVariantGroup section */

/* Begin XCBuildConfiguration section */
		1330EB3627FFD8F3004B690A /* Debug */ = {
			isa = XCBuildConfiguration;
			buildSettings = {
				ALWAYS_SEARCH_USER_PATHS = NO;
				CLANG_ANALYZER_NONNULL = YES;
				CLANG_ANALYZER_NUMBER_OBJECT_CONVERSION = YES_AGGRESSIVE;
				CLANG_CXX_LANGUAGE_STANDARD = "gnu++17";
				CLANG_ENABLE_MODULES = YES;
				CLANG_ENABLE_OBJC_ARC = YES;
				CLANG_ENABLE_OBJC_WEAK = YES;
				CLANG_WARN_BLOCK_CAPTURE_AUTORELEASING = YES;
				CLANG_WARN_BOOL_CONVERSION = YES;
				CLANG_WARN_COMMA = YES;
				CLANG_WARN_CONSTANT_CONVERSION = YES;
				CLANG_WARN_DEPRECATED_OBJC_IMPLEMENTATIONS = YES;
				CLANG_WARN_DIRECT_OBJC_ISA_USAGE = YES_ERROR;
				CLANG_WARN_DOCUMENTATION_COMMENTS = YES;
				CLANG_WARN_EMPTY_BODY = YES;
				CLANG_WARN_ENUM_CONVERSION = YES;
				CLANG_WARN_INFINITE_RECURSION = YES;
				CLANG_WARN_INT_CONVERSION = YES;
				CLANG_WARN_NON_LITERAL_NULL_CONVERSION = YES;
				CLANG_WARN_OBJC_IMPLICIT_RETAIN_SELF = YES;
				CLANG_WARN_OBJC_LITERAL_CONVERSION = YES;
				CLANG_WARN_OBJC_ROOT_CLASS = YES_ERROR;
				CLANG_WARN_QUOTED_INCLUDE_IN_FRAMEWORK_HEADER = YES;
				CLANG_WARN_RANGE_LOOP_ANALYSIS = YES;
				CLANG_WARN_STRICT_PROTOTYPES = YES;
				CLANG_WARN_SUSPICIOUS_MOVE = YES;
				CLANG_WARN_UNGUARDED_AVAILABILITY = YES_AGGRESSIVE;
				CLANG_WARN_UNREACHABLE_CODE = YES;
				CLANG_WARN__DUPLICATE_METHOD_MATCH = YES;
				COPY_PHASE_STRIP = NO;
				DEBUG_INFORMATION_FORMAT = dwarf;
				ENABLE_STRICT_OBJC_MSGSEND = YES;
				ENABLE_TESTABILITY = YES;
				GCC_C_LANGUAGE_STANDARD = gnu11;
				GCC_DYNAMIC_NO_PIC = NO;
				GCC_NO_COMMON_BLOCKS = YES;
				GCC_OPTIMIZATION_LEVEL = 0;
				GCC_PREPROCESSOR_DEFINITIONS = (
					"DEBUG=1",
					"$(inherited)",
				);
				GCC_WARN_64_TO_32_BIT_CONVERSION = YES;
				GCC_WARN_ABOUT_RETURN_TYPE = YES_ERROR;
				GCC_WARN_UNDECLARED_SELECTOR = YES;
				GCC_WARN_UNINITIALIZED_AUTOS = YES_AGGRESSIVE;
				GCC_WARN_UNUSED_FUNCTION = YES;
				GCC_WARN_UNUSED_VARIABLE = YES;
				IPHONEOS_DEPLOYMENT_TARGET = 15.4;
				MTL_ENABLE_DEBUG_INFO = INCLUDE_SOURCE;
				MTL_FAST_MATH = YES;
				ONLY_ACTIVE_ARCH = YES;
				SDKROOT = iphoneos;
				SWIFT_ACTIVE_COMPILATION_CONDITIONS = DEBUG;
				SWIFT_OPTIMIZATION_LEVEL = "-Onone";
			};
			name = Debug;
		};
		1330EB3727FFD8F3004B690A /* Release */ = {
			isa = XCBuildConfiguration;
			buildSettings = {
				ALWAYS_SEARCH_USER_PATHS = NO;
				CLANG_ANALYZER_NONNULL = YES;
				CLANG_ANALYZER_NUMBER_OBJECT_CONVERSION = YES_AGGRESSIVE;
				CLANG_CXX_LANGUAGE_STANDARD = "gnu++17";
				CLANG_ENABLE_MODULES = YES;
				CLANG_ENABLE_OBJC_ARC = YES;
				CLANG_ENABLE_OBJC_WEAK = YES;
				CLANG_WARN_BLOCK_CAPTURE_AUTORELEASING = YES;
				CLANG_WARN_BOOL_CONVERSION = YES;
				CLANG_WARN_COMMA = YES;
				CLANG_WARN_CONSTANT_CONVERSION = YES;
				CLANG_WARN_DEPRECATED_OBJC_IMPLEMENTATIONS = YES;
				CLANG_WARN_DIRECT_OBJC_ISA_USAGE = YES_ERROR;
				CLANG_WARN_DOCUMENTATION_COMMENTS = YES;
				CLANG_WARN_EMPTY_BODY = YES;
				CLANG_WARN_ENUM_CONVERSION = YES;
				CLANG_WARN_INFINITE_RECURSION = YES;
				CLANG_WARN_INT_CONVERSION = YES;
				CLANG_WARN_NON_LITERAL_NULL_CONVERSION = YES;
				CLANG_WARN_OBJC_IMPLICIT_RETAIN_SELF = YES;
				CLANG_WARN_OBJC_LITERAL_CONVERSION = YES;
				CLANG_WARN_OBJC_ROOT_CLASS = YES_ERROR;
				CLANG_WARN_QUOTED_INCLUDE_IN_FRAMEWORK_HEADER = YES;
				CLANG_WARN_RANGE_LOOP_ANALYSIS = YES;
				CLANG_WARN_STRICT_PROTOTYPES = YES;
				CLANG_WARN_SUSPICIOUS_MOVE = YES;
				CLANG_WARN_UNGUARDED_AVAILABILITY = YES_AGGRESSIVE;
				CLANG_WARN_UNREACHABLE_CODE = YES;
				CLANG_WARN__DUPLICATE_METHOD_MATCH = YES;
				COPY_PHASE_STRIP = NO;
				DEBUG_INFORMATION_FORMAT = "dwarf-with-dsym";
				ENABLE_NS_ASSERTIONS = NO;
				ENABLE_STRICT_OBJC_MSGSEND = YES;
				GCC_C_LANGUAGE_STANDARD = gnu11;
				GCC_NO_COMMON_BLOCKS = YES;
				GCC_WARN_64_TO_32_BIT_CONVERSION = YES;
				GCC_WARN_ABOUT_RETURN_TYPE = YES_ERROR;
				GCC_WARN_UNDECLARED_SELECTOR = YES;
				GCC_WARN_UNINITIALIZED_AUTOS = YES_AGGRESSIVE;
				GCC_WARN_UNUSED_FUNCTION = YES;
				GCC_WARN_UNUSED_VARIABLE = YES;
				IPHONEOS_DEPLOYMENT_TARGET = 15.4;
				MTL_ENABLE_DEBUG_INFO = NO;
				MTL_FAST_MATH = YES;
				SDKROOT = iphoneos;
				SWIFT_COMPILATION_MODE = wholemodule;
				SWIFT_OPTIMIZATION_LEVEL = "-O";
				VALIDATE_PRODUCT = YES;
			};
			name = Release;
		};
		1330EB3927FFD8F3004B690A /* Debug */ = {
			isa = XCBuildConfiguration;
			buildSettings = {
				ASSETCATALOG_COMPILER_APPICON_NAME = AppIcon;
				ASSETCATALOG_COMPILER_GLOBAL_ACCENT_COLOR_NAME = AccentColor;
				CODE_SIGN_STYLE = Automatic;
				CURRENT_PROJECT_VERSION = 1;
				DEVELOPMENT_TEAM = 8FN4555PZP;
				GENERATE_INFOPLIST_FILE = YES;
				INFOPLIST_FILE = PlannerIOS/Info.plist;
				INFOPLIST_KEY_UIApplicationSupportsIndirectInputEvents = YES;
				INFOPLIST_KEY_UILaunchStoryboardName = LaunchScreen;
				INFOPLIST_KEY_UIMainStoryboardFile = Main;
				INFOPLIST_KEY_UISupportedInterfaceOrientations_iPad = "UIInterfaceOrientationPortrait UIInterfaceOrientationPortraitUpsideDown UIInterfaceOrientationLandscapeLeft UIInterfaceOrientationLandscapeRight";
				INFOPLIST_KEY_UISupportedInterfaceOrientations_iPhone = "UIInterfaceOrientationPortrait UIInterfaceOrientationLandscapeLeft UIInterfaceOrientationLandscapeRight";
				LD_RUNPATH_SEARCH_PATHS = (
					"$(inherited)",
					"@executable_path/Frameworks",
				);
				MARKETING_VERSION = 1.0;
				PRODUCT_BUNDLE_IDENTIFIER = test.PlannerIOS;
				PRODUCT_NAME = "$(TARGET_NAME)";
				SWIFT_EMIT_LOC_STRINGS = YES;
				SWIFT_VERSION = 5.0;
				TARGETED_DEVICE_FAMILY = "1,2";
			};
			name = Debug;
		};
		1330EB3A27FFD8F3004B690A /* Release */ = {
			isa = XCBuildConfiguration;
			buildSettings = {
				ASSETCATALOG_COMPILER_APPICON_NAME = AppIcon;
				ASSETCATALOG_COMPILER_GLOBAL_ACCENT_COLOR_NAME = AccentColor;
				CODE_SIGN_STYLE = Automatic;
				CURRENT_PROJECT_VERSION = 1;
				DEVELOPMENT_TEAM = 8FN4555PZP;
				GENERATE_INFOPLIST_FILE = YES;
				INFOPLIST_FILE = PlannerIOS/Info.plist;
				INFOPLIST_KEY_UIApplicationSupportsIndirectInputEvents = YES;
				INFOPLIST_KEY_UILaunchStoryboardName = LaunchScreen;
				INFOPLIST_KEY_UIMainStoryboardFile = Main;
				INFOPLIST_KEY_UISupportedInterfaceOrientations_iPad = "UIInterfaceOrientationPortrait UIInterfaceOrientationPortraitUpsideDown UIInterfaceOrientationLandscapeLeft UIInterfaceOrientationLandscapeRight";
				INFOPLIST_KEY_UISupportedInterfaceOrientations_iPhone = "UIInterfaceOrientationPortrait UIInterfaceOrientationLandscapeLeft UIInterfaceOrientationLandscapeRight";
				LD_RUNPATH_SEARCH_PATHS = (
					"$(inherited)",
					"@executable_path/Frameworks",
				);
				MARKETING_VERSION = 1.0;
				PRODUCT_BUNDLE_IDENTIFIER = test.PlannerIOS;
				PRODUCT_NAME = "$(TARGET_NAME)";
				SWIFT_EMIT_LOC_STRINGS = YES;
				SWIFT_VERSION = 5.0;
				TARGETED_DEVICE_FAMILY = "1,2";
			};
			name = Release;
		};
		1330EB3C27FFD8F3004B690A /* Debug */ = {
			isa = XCBuildConfiguration;
			buildSettings = {
				ALWAYS_EMBED_SWIFT_STANDARD_LIBRARIES = YES;
				BUNDLE_LOADER = "$(TEST_HOST)";
				CODE_SIGN_STYLE = Automatic;
				CURRENT_PROJECT_VERSION = 1;
				DEVELOPMENT_TEAM = 8FN4555PZP;
				GENERATE_INFOPLIST_FILE = YES;
				IPHONEOS_DEPLOYMENT_TARGET = 15.4;
				MARKETING_VERSION = 1.0;
				PRODUCT_BUNDLE_IDENTIFIER = test.PlannerIOSTests;
				PRODUCT_NAME = "$(TARGET_NAME)";
				SWIFT_EMIT_LOC_STRINGS = NO;
				SWIFT_VERSION = 5.0;
				TARGETED_DEVICE_FAMILY = "1,2";
				TEST_HOST = "$(BUILT_PRODUCTS_DIR)/PlannerIOS.app/PlannerIOS";
			};
			name = Debug;
		};
		1330EB3D27FFD8F3004B690A /* Release */ = {
			isa = XCBuildConfiguration;
			buildSettings = {
				ALWAYS_EMBED_SWIFT_STANDARD_LIBRARIES = YES;
				BUNDLE_LOADER = "$(TEST_HOST)";
				CODE_SIGN_STYLE = Automatic;
				CURRENT_PROJECT_VERSION = 1;
				DEVELOPMENT_TEAM = 8FN4555PZP;
				GENERATE_INFOPLIST_FILE = YES;
				IPHONEOS_DEPLOYMENT_TARGET = 15.4;
				MARKETING_VERSION = 1.0;
				PRODUCT_BUNDLE_IDENTIFIER = test.PlannerIOSTests;
				PRODUCT_NAME = "$(TARGET_NAME)";
				SWIFT_EMIT_LOC_STRINGS = NO;
				SWIFT_VERSION = 5.0;
				TARGETED_DEVICE_FAMILY = "1,2";
				TEST_HOST = "$(BUILT_PRODUCTS_DIR)/PlannerIOS.app/PlannerIOS";
			};
			name = Release;
		};
		1330EB3F27FFD8F3004B690A /* Debug */ = {
			isa = XCBuildConfiguration;
			buildSettings = {
				ALWAYS_EMBED_SWIFT_STANDARD_LIBRARIES = YES;
				CODE_SIGN_STYLE = Automatic;
				CURRENT_PROJECT_VERSION = 1;
				DEVELOPMENT_TEAM = 8FN4555PZP;
				GENERATE_INFOPLIST_FILE = YES;
				MARKETING_VERSION = 1.0;
				PRODUCT_BUNDLE_IDENTIFIER = test.PlannerIOSUITests;
				PRODUCT_NAME = "$(TARGET_NAME)";
				SWIFT_EMIT_LOC_STRINGS = NO;
				SWIFT_VERSION = 5.0;
				TARGETED_DEVICE_FAMILY = "1,2";
				TEST_TARGET_NAME = PlannerIOS;
			};
			name = Debug;
		};
		1330EB4027FFD8F3004B690A /* Release */ = {
			isa = XCBuildConfiguration;
			buildSettings = {
				ALWAYS_EMBED_SWIFT_STANDARD_LIBRARIES = YES;
				CODE_SIGN_STYLE = Automatic;
				CURRENT_PROJECT_VERSION = 1;
				DEVELOPMENT_TEAM = 8FN4555PZP;
				GENERATE_INFOPLIST_FILE = YES;
				MARKETING_VERSION = 1.0;
				PRODUCT_BUNDLE_IDENTIFIER = test.PlannerIOSUITests;
				PRODUCT_NAME = "$(TARGET_NAME)";
				SWIFT_EMIT_LOC_STRINGS = NO;
				SWIFT_VERSION = 5.0;
				TARGETED_DEVICE_FAMILY = "1,2";
				TEST_TARGET_NAME = PlannerIOS;
			};
			name = Release;
		};
/* End XCBuildConfiguration section */

/* Begin XCConfigurationList section */
		1330EB0927FFD8F2004B690A /* Build configuration list for PBXProject "PlannerIOS" */ = {
			isa = XCConfigurationList;
			buildConfigurations = (
				1330EB3627FFD8F3004B690A /* Debug */,
				1330EB3727FFD8F3004B690A /* Release */,
			);
			defaultConfigurationIsVisible = 0;
			defaultConfigurationName = Release;
		};
		1330EB3827FFD8F3004B690A /* Build configuration list for PBXNativeTarget "PlannerIOS" */ = {
			isa = XCConfigurationList;
			buildConfigurations = (
				1330EB3927FFD8F3004B690A /* Debug */,
				1330EB3A27FFD8F3004B690A /* Release */,
			);
			defaultConfigurationIsVisible = 0;
			defaultConfigurationName = Release;
		};
		1330EB3B27FFD8F3004B690A /* Build configuration list for PBXNativeTarget "PlannerIOSTests" */ = {
			isa = XCConfigurationList;
			buildConfigurations = (
				1330EB3C27FFD8F3004B690A /* Debug */,
				1330EB3D27FFD8F3004B690A /* Release */,
			);
			defaultConfigurationIsVisible = 0;
			defaultConfigurationName = Release;
		};
		1330EB3E27FFD8F3004B690A /* Build configuration list for PBXNativeTarget "PlannerIOSUITests" */ = {
			isa = XCConfigurationList;
			buildConfigurations = (
				1330EB3F27FFD8F3004B690A /* Debug */,
				1330EB4027FFD8F3004B690A /* Release */,
			);
			defaultConfigurationIsVisible = 0;
			defaultConfigurationName = Release;
		};
/* End XCConfigurationList section */

/* Begin XCVersionGroup section */
		133315BF28049BC900D095D1 /* Model.xcdatamodeld */ = {
			isa = XCVersionGroup;
			children = (
				133315C028049BC900D095D1 /* Model.xcdatamodel */,
			);
			currentVersion = 133315C028049BC900D095D1 /* Model.xcdatamodel */;
			path = Model.xcdatamodeld;
			sourceTree = "<group>";
			versionGroupType = wrapper.xcdatamodel;
		};
/* End XCVersionGroup section */
	};
	rootObject = 1330EB0627FFD8F2004B690A /* Project object */;
}
